{
  "name": "the-way-of-movement",
  "version": "1.0.0",
  "lockfileVersion": 3,
  "requires": true,
  "packages": {
    "": {
      "name": "the-way-of-movement",
      "version": "1.0.0",
      "hasInstallScript": true,
      "license": "ISC",
      "engines": {
        "node": "18.15.0"
      }
    }
  }
}
